// !$*UTF8*$!
{
	archiveVersion = 1;
	classes = {
	};
	objectVersion = 77;
	objects = {

/* Begin PBXContainerItemProxy section */
		89D8574F2F44DBC600D0FBBD /* PBXContainerItemProxy */ = {
			isa = PBXContainerItemProxy;
			containerPortal = 89D857392F44DBC400D0FBBD /* Project object */;
			proxyType = 1;
			remoteGlobalIDString = 89D857402F44DBC400D0FBBD;
			remoteInfo = GoTimey;
		};
		89D857592F44DBC600D0FBBD /* PBXContainerItemProxy */ = {
			isa = PBXContainerItemProxy;
			containerPortal = 89D857392F44DBC400D0FBBD /* Project object */;
			proxyType = 1;
			remoteGlobalIDString = 89D857402F44DBC400D0FBBD;
			remoteInfo = GoTimey;
		};
/* End PBXContainerItemProxy section */

/* Begin PBXFileReference section */
		89D857412F44DBC400D0FBBD /* GoTimey.app */ = {isa = PBXFileReference; explicitFileType = wrapper.application; includeInIndex = 0; path = GoTimey.app; sourceTree = BUILT_PRODUCTS_DIR; };
		89D8574E2F44DBC600D0FBBD /* GoTimeyTests.xctest */ = {isa = PBXFileReference; explicitFileType = wrapper.cfbundle; includeInIndex = 0; path = GoTimeyTests.xctest; sourceTree = BUILT_PRODUCTS_DIR; };
		89D857582F44DBC600D0FBBD /* GoTimeyUITests.xctest */ = {isa = PBXFileReference; explicitFileType = wrapper.cfbundle; includeInIndex = 0; path = GoTimeyUITests.xctest; sourceTree = BUILT_PRODUCTS_DIR; };
/* End PBXFileReference section */

/* Begin PBXFileSystemSynchronizedRootGroup section */
		89D857432F44DBC400D0FBBD /* GoTimey */ = {
			isa = PBXFileSystemSynchronizedRootGroup;
			path = GoTimey;
			sourceTree = "<group>";
		};
		89D857512F44DBC600D0FBBD /* GoTimeyTests */ = {
			isa = PBXFileSystemSynchronizedRootGroup;
			path = GoTimeyTests;
			sourceTree = "<group>";
		};
		89D8575B2F44DBC600D0FBBD /* GoTimeyUITests */ = {
			isa = PBXFileSystemSynchronizedRootGroup;
			path = GoTimeyUITests;
			sourceTree = "<group>";
		};
/* End PBXFileSystemSynchronizedRootGroup section */

/* Begin PBXFrameworksBuildPhase section */
		89D8573E2F44DBC400D0FBBD /* Frameworks */ = {
			isa = PBXFrameworksBuildPhase;
			buildActionMask = 2147483647;
			files = (
			);
			runOnlyForDeploymentPostprocessing = 0;
		};
		89D8574B2F44DBC600D0FBBD /* Frameworks */ = {
			isa = PBXFrameworksBuildPhase;
			buildActionMask = 2147483647;
			files = (
			);
			runOnlyForDeploymentPostprocessing = 0;
		};
		89D857552F44DBC600D0FBBD /* Frameworks */ = {
			isa = PBXFrameworksBuildPhase;
			buildActionMask = 2147483647;
			files = (
			);
			runOnlyForDeploymentPostprocessing = 0;
		};
/* End PBXFrameworksBuildPhase section */

/* Begin PBXGroup section */
		89D857382F44DBC400D0FBBD = {
			isa = PBXGroup;
			children = (
				89D857432F44DBC400D0FBBD /* GoTimey */,
				89D857512F44DBC600D0FBBD /* GoTimeyTests */,
				89D8575B2F44DBC600D0FBBD /* GoTimeyUITests */,
				89D857422F44DBC400D0FBBD /* Products */,
			);
			sourceTree = "<group>";
		};
		89D857422F44DBC400D0FBBD /* Products */ = {
			isa = PBXGroup;
			children = (
				89D857412F44DBC400D0FBBD /* GoTimey.app */,
				89D8574E2F44DBC600D0FBBD /* GoTimeyTests.xctest */,
				89D857582F44DBC600D0FBBD /* GoTimeyUITests.xctest */,
			);
			name = Products;
			sourceTree = "<group>";
		};
/* End PBXGroup section */

/* Begin PBXNativeTarget section */
		89D857402F44DBC400D0FBBD /* GoTimey */ = {
			isa = PBXNativeTarget;
			buildConfigurationList = 89D857622F44DBC600D0FBBD /* Build configuration list for PBXNativeTarget "GoTimey" */;
			buildPhases = (
				89D8573D2F44DBC400D0FBBD /* Sources */,
				89D8573E2F44DBC400D0FBBD /* Frameworks */,
				89D8573F2F44DBC400D0FBBD /* Resources */,
			);
			buildRules = (
			);
			dependencies = (
			);
			fileSystemSynchronizedGroups = (
				89D857432F44DBC400D0FBBD /* GoTimey */,
			);
			name = GoTimey;
			packageProductDependencies = (
			);
			productName = GoTimey;
			productReference = 89D857412F44DBC400D0FBBD /* GoTimey.app */;
			productType = "com.apple.product-type.application";
		};
		89D8574D2F44DBC600D0FBBD /* GoTimeyTests */ = {
			isa = PBXNativeTarget;
			buildConfigurationList = 89D857652F44DBC600D0FBBD /* Build configuration list for PBXNativeTarget "GoTimeyTests" */;
			buildPhases = (
				89D8574A2F44DBC600D0FBBD /* Sources */,
				89D8574B2F44DBC600D0FBBD /* Frameworks */,
				89D8574C2F44DBC600D0FBBD /* Resources */,
			);
			buildRules = (
			);
			dependencies = (
				89D857502F44DBC600D0FBBD /* PBXTargetDependency */,
			);
			fileSystemSynchronizedGroups = (
				89D857512F44DBC600D0FBBD /* GoTimeyTests */,
			);
			name = GoTimeyTests;
			packageProductDependencies = (
			);
			productName = GoTimeyTests;
			productReference = 89D8574E2F44DBC600D0FBBD /* GoTimeyTests.xctest */;
			productType = "com.apple.product-type.bundle.unit-test";
		};
		89D857572F44DBC600D0FBBD /* GoTimeyUITests */ = {
			isa = PBXNativeTarget;
			buildConfigurationList = 89D857682F44DBC600D0FBBD /* Build configuration list for PBXNativeTarget "GoTimeyUITests" */;
			buildPhases = (
				89D857542F44DBC600D0FBBD /* Sources */,
				89D857552F44DBC600D0FBBD /* Frameworks */,
				89D857562F44DBC600D0FBBD /* Resources */,
			);
			buildRules = (
			);
			dependencies = (
				89D8575A2F44DBC600D0FBBD /* PBXTargetDependency */,
			);
			fileSystemSynchronizedGroups = (
				89D8575B2F44DBC600D0FBBD /* GoTimeyUITests */,
			);
			name = GoTimeyUITests;
			packageProductDependencies = (
			);
			productName = GoTimeyUITests;
			productReference = 89D857582F44DBC600D0FBBD /* GoTimeyUITests.xctest */;
			productType = "com.apple.product-type.bundle.ui-testing";
		};
/* End PBXNativeTarget section */

/* Begin PBXProject section */
		89D857392F44DBC400D0FBBD /* Project object */ = {
			isa = PBXProject;
			attributes = {
				BuildIndependentTargetsInParallel = 1;
				LastSwiftUpdateCheck = 1640;
				LastUpgradeCheck = 1640;
				TargetAttributes = {
					89D857402F44DBC400D0FBBD = {
						CreatedOnToolsVersion = 16.4;
					};
					89D8574D2F44DBC600D0FBBD = {
						CreatedOnToolsVersion = 16.4;
						TestTargetID = 89D857402F44DBC400D0FBBD;
					};
					89D857572F44DBC600D0FBBD = {
						CreatedOnToolsVersion = 16.4;
						TestTargetID = 89D857402F44DBC400D0FBBD;
					};
				};
			};
			buildConfigurationList = 89D8573C2F44DBC400D0FBBD /* Build configuration list for PBXProject "GoTimey" */;
			developmentRegion = en;
			hasScannedForEncodings = 0;
			knownRegions = (
				en,
				Base,
			);
			mainGroup = 89D857382F44DBC400D0FBBD;
			minimizedProjectReferenceProxies = 1;
			preferredProjectObjectVersion = 77;
			productRefGroup = 89D857422F44DBC400D0FBBD /* Products */;
			projectDirPath = "";
			projectRoot = "";
			targets = (
				89D857402F44DBC400D0FBBD /* GoTimey */,
				89D8574D2F44DBC600D0FBBD /* GoTimeyTests */,
				89D857572F44DBC600D0FBBD /* GoTimeyUITests */,
			);
		};
/* End PBXProject section */

/* Begin PBXResourcesBuildPhase section */
		89D8573F2F44DBC400D0FBBD /* Resources */ = {
			isa = PBXResourcesBuildPhase;
			buildActionMask = 2147483647;
			files = (
			);
			runOnlyForDeploymentPostprocessing = 0;
		};
		89D8574C2F44DBC600D0FBBD /* Resources */ = {
			isa = PBXResourcesBuildPhase;
			buildActionMask = 2147483647;
			files = (
			);
			runOnlyForDeploymentPostprocessing = 0;
		};
		89D857562F44DBC600D0FBBD /* Resources */ = {
			isa = PBXResourcesBuildPhase;
			buildActionMask = 2147483647;
			files = (
			);
			runOnlyForDeploymentPostprocessing = 0;
		};
/* End PBXResourcesBuildPhase section */

/* Begin PBXSourcesBuildPhase section */
		89D8573D2F44DBC400D0FBBD /* Sources */ = {
			isa = PBXSourcesBuildPhase;
			buildActionMask = 2147483647;
			files = (
			);
			runOnlyForDeploymentPostprocessing = 0;
		};
		89D8574A2F44DBC600D0FBBD /* Sources */ = {
			isa = PBXSourcesBuildPhase;
			buildActionMask = 2147483647;
			files = (
			);
			runOnlyForDeploymentPostprocessing = 0;
		};
		89D857542F44DBC600D0FBBD /* Sources */ = {
			isa = PBXSourcesBuildPhase;
			buildActionMask = 2147483647;
			files = (
			);
			runOnlyForDeploymentPostprocessing = 0;
		};
/* End PBXSourcesBuildPhase section */

/* Begin PBXTargetDependency section */
		89D857502F44DBC600D0FBBD /* PBXTargetDependency */ = {
			isa = PBXTargetDependency;
			target = 89D857402F44DBC400D0FBBD /* GoTimey */;
			targetProxy = 89D8574F2F44DBC600D0FBBD /* PBXContainerItemProxy */;
		};
		89D8575A2F44DBC600D0FBBD /* PBXTargetDependency */ = {
			isa = PBXTargetDependency;
			target = 89D857402F44DBC400D0FBBD /* GoTimey */;
			targetProxy = 89D857592F44DBC600D0FBBD /* PBXContainerItemProxy */;
		};
/* End PBXTargetDependency section */

/* Begin XCBuildConfiguration section */
		89D857602F44DBC600D0FBBD /* Debug */ = {
			isa = XCBuildConfiguration;
			buildSettings = {
				ALWAYS_SEARCH_USER_PATHS = NO;
				ASSETCATALOG_COMPILER_GENERATE_SWIFT_ASSET_SYMBOL_EXTENSIONS = YES;
				CLANG_ANALYZER_NONNULL = YES;
				CLANG_ANALYZER_NUMBER_OBJECT_CONVERSION = YES_AGGRESSIVE;
				CLANG_CXX_LANGUAGE_STANDARD = "gnu++20";
				CLANG_ENABLE_MODULES = YES;
				CLANG_ENABLE_OBJC_ARC = YES;
				CLANG_ENABLE_OBJC_WEAK = YES;
				CLANG_WARN_BLOCK_CAPTURE_AUTORELEASING = YES;
				CLANG_WARN_BOOL_CONVERSION = YES;
				CLANG_WARN_COMMA = YES;
				CLANG_WARN_CONSTANT_CONVERSION = YES;
				CLANG_WARN_DEPRECATED_OBJC_IMPLEMENTATIONS = YES;
				CLANG_WARN_DIRECT_OBJC_ISA_USAGE = YES_ERROR;
				CLANG_WARN_DOCUMENTATION_COMMENTS = YES;
				CLANG_WARN_EMPTY_BODY = YES;
				CLANG_WARN_ENUM_CONVERSION = YES;
				CLANG_WARN_INFINITE_RECURSION = YES;
				CLANG_WARN_INT_CONVERSION = YES;
				CLANG_WARN_NON_LITERAL_NULL_CONVERSION = YES;
				CLANG_WARN_OBJC_IMPLICIT_RETAIN_SELF = YES;
				CLANG_WARN_OBJC_LITERAL_CONVERSION = YES;
				CLANG_WARN_OBJC_ROOT_CLASS = YES_ERROR;
				CLANG_WARN_QUOTED_INCLUDE_IN_FRAMEWORK_HEADER = YES;
				CLANG_WARN_RANGE_LOOP_ANALYSIS = YES;
				CLANG_WARN_STRICT_PROTOTYPES = YES;
				CLANG_WARN_SUSPICIOUS_MOVE = YES;
				CLANG_WARN_UNGUARDED_AVAILABILITY = YES_AGGRESSIVE;
				CLANG_WARN_UNREACHABLE_CODE = YES;
				CLANG_WARN__DUPLICATE_METHOD_MATCH = YES;
				COPY_PHASE_STRIP = NO;
				DEBUG_INFORMATION_FORMAT = dwarf;
				ENABLE_STRICT_OBJC_MSGSEND = YES;
				ENABLE_TESTABILITY = YES;
				ENABLE_USER_SCRIPT_SANDBOXING = YES;
				GCC_C_LANGUAGE_STANDARD = gnu17;
				GCC_DYNAMIC_NO_PIC = NO;
				GCC_NO_COMMON_BLOCKS = YES;
				GCC_OPTIMIZATION_LEVEL = 0;
				GCC_PREPROCESSOR_DEFINITIONS = (
					"DEBUG=1",
					"$(inherited)",
				);
				GCC_WARN_64_TO_32_BIT_CONVERSION = YES;
				GCC_WARN_ABOUT_RETURN_TYPE = YES_ERROR;
				GCC_WARN_UNDECLARED_SELECTOR = YES;
				GCC_WARN_UNINITIALIZED_AUTOS = YES_AGGRESSIVE;
				GCC_WARN_UNUSED_FUNCTION = YES;
				GCC_WARN_UNUSED_VARIABLE = YES;
				IPHONEOS_DEPLOYMENT_TARGET = 18.5;
				LOCALIZATION_PREFERS_STRING_CATALOGS = YES;
				MTL_ENABLE_DEBUG_INFO = INCLUDE_SOURCE;
				MTL_FAST_MATH = YES;
				ONLY_ACTIVE_ARCH = YES;
				SDKROOT = iphoneos;
				SWIFT_ACTIVE_COMPILATION_CONDITIONS = "DEBUG $(inherited)";
				SWIFT_OPTIMIZATION_LEVEL = "-Onone";
			};
			name = Debug;
		};
		89D857612F44DBC600D0FBBD /* Release */ = {
			isa = XCBuildConfiguration;
			buildSettings = {
				ALWAYS_SEARCH_USER_PATHS = NO;
				ASSETCATALOG_COMPILER_GENERATE_SWIFT_ASSET_SYMBOL_EXTENSIONS = YES;
				CLANG_ANALYZER_NONNULL = YES;
				CLANG_ANALYZER_NUMBER_OBJECT_CONVERSION = YES_AGGRESSIVE;
				CLANG_CXX_LANGUAGE_STANDARD = "gnu++20";
				CLANG_ENABLE_MODULES = YES;
				CLANG_ENABLE_OBJC_ARC = YES;
				CLANG_ENABLE_OBJC_WEAK = YES;
				CLANG_WARN_BLOCK_CAPTURE_AUTORELEASING = YES;
				CLANG_WARN_BOOL_CONVERSION = YES;
				CLANG_WARN_COMMA = YES;
				CLANG_WARN_CONSTANT_CONVERSION = YES;
				CLANG_WARN_DEPRECATED_OBJC_IMPLEMENTATIONS = YES;
				CLANG_WARN_DIRECT_OBJC_ISA_USAGE = YES_ERROR;
				CLANG_WARN_DOCUMENTATION_COMMENTS = YES;
				CLANG_WARN_EMPTY_BODY = YES;
				CLANG_WARN_ENUM_CONVERSION = YES;
				CLANG_WARN_INFINITE_RECURSION = YES;
				CLANG_WARN_INT_CONVERSION = YES;
				CLANG_WARN_NON_LITERAL_NULL_CONVERSION = YES;
				CLANG_WARN_OBJC_IMPLICIT_RETAIN_SELF = YES;
				CLANG_WARN_OBJC_LITERAL_CONVERSION = YES;
				CLANG_WARN_OBJC_ROOT_CLASS = YES_ERROR;
				CLANG_WARN_QUOTED_INCLUDE_IN_FRAMEWORK_HEADER = YES;
				CLANG_WARN_RANGE_LOOP_ANALYSIS = YES;
				CLANG_WARN_STRICT_PROTOTYPES = YES;
				CLANG_WARN_SUSPICIOUS_MOVE = YES;
				CLANG_WARN_UNGUARDED_AVAILABILITY = YES_AGGRESSIVE;
				CLANG_WARN_UNREACHABLE_CODE = YES;
				CLANG_WARN__DUPLICATE_METHOD_MATCH = YES;
				COPY_PHASE_STRIP = NO;
				DEBUG_INFORMATION_FORMAT = "dwarf-with-dsym";
				ENABLE_NS_ASSERTIONS = NO;
				ENABLE_STRICT_OBJC_MSGSEND = YES;
				ENABLE_USER_SCRIPT_SANDBOXING = YES;
				GCC_C_LANGUAGE_STANDARD = gnu17;
				GCC_NO_COMMON_BLOCKS = YES;
				GCC_WARN_64_TO_32_BIT_CONVERSION = YES;
				GCC_WARN_ABOUT_RETURN_TYPE = YES_ERROR;
				GCC_WARN_UNDECLARED_SELECTOR = YES;
				GCC_WARN_UNINITIALIZED_AUTOS = YES_AGGRESSIVE;
				GCC_WARN_UNUSED_FUNCTION = YES;
				GCC_WARN_UNUSED_VARIABLE = YES;
				IPHONEOS_DEPLOYMENT_TARGET = 18.5;
				LOCALIZATION_PREFERS_STRING_CATALOGS = YES;
				MTL_ENABLE_DEBUG_INFO = NO;
				MTL_FAST_MATH = YES;
				SDKROOT = iphoneos;
				SWIFT_COMPILATION_MODE = wholemodule;
				VALIDATE_PRODUCT = YES;
			};
			name = Release;
		};
		89D857632F44DBC600D0FBBD /* Debug */ = {
			isa = XCBuildConfiguration;
			buildSettings = {
				ASSETCATALOG_COMPILER_APPICON_NAME = AppIcon;
				ASSETCATALOG_COMPILER_GLOBAL_ACCENT_COLOR_NAME = AccentColor;
				CODE_SIGN_STYLE = Automatic;
				CURRENT_PROJECT_VERSION = 1;
				DEVELOPMENT_TEAM = 399N64XP3Y;
				ENABLE_PREVIEWS = YES;
				GENERATE_INFOPLIST_FILE = YES;
				INFOPLIST_KEY_NSCalendarsFullAccessUsageDescription = "\"GoTimey reads your calendar events so it knows when and where you need to be.\"";
				INFOPLIST_KEY_NSLocationAlwaysAndWhenInUseUsageDescription = "\"GoTimey uses your location to calculate real-time travel time to your events.\"";
				INFOPLIST_KEY_NSLocationAlwaysUsageDescription = "\"GoTimey uses your location to calculate real-time travel time to your events.\"";
				INFOPLIST_KEY_NSLocationUsageDescription = "\"GoTimey uses your location to calculate real-time travel time to your events.\"";
				INFOPLIST_KEY_NSLocationWhenInUseUsageDescription = "\"GoTimey uses your location to calculate real-time travel time to your events.\"";
				INFOPLIST_KEY_UIApplicationSceneManifest_Generation = YES;
				INFOPLIST_KEY_UIApplicationSupportsIndirectInputEvents = YES;
				INFOPLIST_KEY_UILaunchScreen_Generation = YES;
				INFOPLIST_KEY_UISupportedInterfaceOrientations_iPad = "UIInterfaceOrientationPortrait UIInterfaceOrientationPortraitUpsideDown UIInterfaceOrientationLandscapeLeft UIInterfaceOrientationLandscapeRight";
				INFOPLIST_KEY_UISupportedInterfaceOrientations_iPhone = "UIInterfaceOrientationPortrait UIInterfaceOrientationLandscapeLeft UIInterfaceOrientationLandscapeRight";
				LD_RUNPATH_SEARCH_PATHS = (
					"$(inherited)",
					"@executable_path/Frameworks",
				);
				MARKETING_VERSION = 1.0;
				PRODUCT_BUNDLE_IDENTIFIER = GoTimey.GoTimey;
				PRODUCT_NAME = "$(TARGET_NAME)";
				SWIFT_EMIT_LOC_STRINGS = YES;
				SWIFT_VERSION = 5.0;
				TARGETED_DEVICE_FAMILY = "1,2";
			};
			name = Debug;
		};
		89D857642F44DBC600D0FBBD /* Release */ = {
			isa = XCBuildConfiguration;
			buildSettings = {
				ASSETCATALOG_COMPILER_APPICON_NAME = AppIcon;
				ASSETCATALOG_COMPILER_GLOBAL_ACCENT_COLOR_NAME = AccentColor;
				CODE_SIGN_STYLE = Automatic;
				CURRENT_PROJECT_VERSION = 1;
				DEVELOPMENT_TEAM = 399N64XP3Y;
				ENABLE_PREVIEWS = YES;
				GENERATE_INFOPLIST_FILE = YES;
				INFOPLIST_KEY_NSCalendarsFullAccessUsageDescription = "\"GoTimey reads your calendar events so it knows when and where you need to be.\"";
				INFOPLIST_KEY_NSLocationAlwaysAndWhenInUseUsageDescription = "\"GoTimey uses your location to calculate real-time travel time to your events.\"";
				INFOPLIST_KEY_NSLocationAlwaysUsageDescription = "\"GoTimey uses your location to calculate real-time travel time to your events.\"";
				INFOPLIST_KEY_NSLocationUsageDescription = "\"GoTimey uses your location to calculate real-time travel time to your events.\"";
				INFOPLIST_KEY_NSLocationWhenInUseUsageDescription = "\"GoTimey uses your location to calculate real-time travel time to your events.\"";
				INFOPLIST_KEY_UIApplicationSceneManifest_Generation = YES;
				INFOPLIST_KEY_UIApplicationSupportsIndirectInputEvents = YES;
				INFOPLIST_KEY_UILaunchScreen_Generation = YES;
				INFOPLIST_KEY_UISupportedInterfaceOrientations_iPad = "UIInterfaceOrientationPortrait UIInterfaceOrientationPortraitUpsideDown UIInterfaceOrientationLandscapeLeft UIInterfaceOrientationLandscapeRight";
				INFOPLIST_KEY_UISupportedInterfaceOrientations_iPhone = "UIInterfaceOrientationPortrait UIInterfaceOrientationLandscapeLeft UIInterfaceOrientationLandscapeRight";
				LD_RUNPATH_SEARCH_PATHS = (
					"$(inherited)",
					"@executable_path/Frameworks",
				);
				MARKETING_VERSION = 1.0;
				PRODUCT_BUNDLE_IDENTIFIER = GoTimey.GoTimey;
				PRODUCT_NAME = "$(TARGET_NAME)";
				SWIFT_EMIT_LOC_STRINGS = YES;
				SWIFT_VERSION = 5.0;
				TARGETED_DEVICE_FAMILY = "1,2";
			};
			name = Release;
		};
		89D857662F44DBC600D0FBBD /* Debug */ = {
			isa = XCBuildConfiguration;
			buildSettings = {
				BUNDLE_LOADER = "$(TEST_HOST)";
				CODE_SIGN_STYLE = Automatic;
				CURRENT_PROJECT_VERSION = 1;
				GENERATE_INFOPLIST_FILE = YES;
				IPHONEOS_DEPLOYMENT_TARGET = 18.5;
				MARKETING_VERSION = 1.0;
				PRODUCT_BUNDLE_IDENTIFIER = GoTimey.GoTimeyTests;
				PRODUCT_NAME = "$(TARGET_NAME)";
				SWIFT_EMIT_LOC_STRINGS = NO;
				SWIFT_VERSION = 5.0;
				TARGETED_DEVICE_FAMILY = "1,2";
				TEST_HOST = "$(BUILT_PRODUCTS_DIR)/GoTimey.app/$(BUNDLE_EXECUTABLE_FOLDER_PATH)/GoTimey";
			};
			name = Debug;
		};
		89D857672F44DBC600D0FBBD /* Release */ = {
			isa = XCBuildConfiguration;
			buildSettings = {
				BUNDLE_LOADER = "$(TEST_HOST)";
				CODE_SIGN_STYLE = Automatic;
				CURRENT_PROJECT_VERSION = 1;
				GENERATE_INFOPLIST_FILE = YES;
				IPHONEOS_DEPLOYMENT_TARGET = 18.5;
				MARKETING_VERSION = 1.0;
				PRODUCT_BUNDLE_IDENTIFIER = GoTimey.GoTimeyTests;
				PRODUCT_NAME = "$(TARGET_NAME)";
				SWIFT_EMIT_LOC_STRINGS = NO;
				SWIFT_VERSION = 5.0;
				TARGETED_DEVICE_FAMILY = "1,2";
				TEST_HOST = "$(BUILT_PRODUCTS_DIR)/GoTimey.app/$(BUNDLE_EXECUTABLE_FOLDER_PATH)/GoTimey";
			};
			name = Release;
		};
		89D857692F44DBC600D0FBBD /* Debug */ = {
			isa = XCBuildConfiguration;
			buildSettings = {
				CODE_SIGN_STYLE = Automatic;
				CURRENT_PROJECT_VERSION = 1;
				GENERATE_INFOPLIST_FILE = YES;
				MARKETING_VERSION = 1.0;
				PRODUCT_BUNDLE_IDENTIFIER = GoTimey.GoTimeyUITests;
				PRODUCT_NAME = "$(TARGET_NAME)";
				SWIFT_EMIT_LOC_STRINGS = NO;
				SWIFT_VERSION = 5.0;
				TARGETED_DEVICE_FAMILY = "1,2";
				TEST_TARGET_NAME = GoTimey;
			};
			name = Debug;
		};
		89D8576A2F44DBC600D0FBBD /* Release */ = {
			isa = XCBuildConfiguration;
			buildSettings = {
				CODE_SIGN_STYLE = Automatic;
				CURRENT_PROJECT_VERSION = 1;
				GENERATE_INFOPLIST_FILE = YES;
				MARKETING_VERSION = 1.0;
				PRODUCT_BUNDLE_IDENTIFIER = GoTimey.GoTimeyUITests;
				PRODUCT_NAME = "$(TARGET_NAME)";
				SWIFT_EMIT_LOC_STRINGS = NO;
				SWIFT_VERSION = 5.0;
				TARGETED_DEVICE_FAMILY = "1,2";
				TEST_TARGET_NAME = GoTimey;
			};
			name = Release;
		};
/* End XCBuildConfiguration section */

/* Begin XCConfigurationList section */
		89D8573C2F44DBC400D0FBBD /* Build configuration list for PBXProject "GoTimey" */ = {
			isa = XCConfigurationList;
			buildConfigurations = (
				89D857602F44DBC600D0FBBD /* Debug */,
				89D857612F44DBC600D0FBBD /* Release */,
			);
			defaultConfigurationIsVisible = 0;
			defaultConfigurationName = Release;
		};
		89D857622F44DBC600D0FBBD /* Build configuration list for PBXNativeTarget "GoTimey" */ = {
			isa = XCConfigurationList;
			buildConfigurations = (
				89D857632F44DBC600D0FBBD /* Debug */,
				89D857642F44DBC600D0FBBD /* Release */,
			);
			defaultConfigurationIsVisible = 0;
			defaultConfigurationName = Release;
		};
		89D857652F44DBC600D0FBBD /* Build configuration list for PBXNativeTarget "GoTimeyTests" */ = {
			isa = XCConfigurationList;
			buildConfigurations = (
				89D857662F44DBC600D0FBBD /* Debug */,
				89D857672F44DBC600D0FBBD /* Release */,
			);
			defaultConfigurationIsVisible = 0;
			defaultConfigurationName = Release;
		};
		89D857682F44DBC600D0FBBD /* Build configuration list for PBXNativeTarget "GoTimeyUITests" */ = {
			isa = XCConfigurationList;
			buildConfigurations = (
				89D857692F44DBC600D0FBBD /* Debug */,
				89D8576A2F44DBC600D0FBBD /* Release */,
			);
			defaultConfigurationIsVisible = 0;
			defaultConfigurationName = Release;
		};
/* End XCConfigurationList section */
	};
	rootObject = 89D857392F44DBC400D0FBBD /* Project object */;
}
